
Microsoft Visual Studio Solution File, Format Version 12.00
# Visual Studio Version 16
VisualStudioVersion = 16.0.30907.101
MinimumVisualStudioVersion = 10.0.40219.1
Project("{FAE04EC0-301F-11D3-BF4B-00C04F79EFBC}") = "Proyecto2_201801229", "Proyecto2_201801229\Proyecto2_201801229.csproj", "{5BA4063C-A2FF-4797-9597-BBB629203244}"
EndProject
Global
	GlobalSection(SolutionConfigurationPlatforms) = preSolution
		Debug|Any CPU = Debug|Any CPU
		Release|Any CPU = Release|Any CPU
	EndGlobalSection
	GlobalSection(ProjectConfigurationPlatforms) = postSolution
		{5BA4063C-A2FF-4797-9597-BBB629203244}.Debug|Any CPU.ActiveCfg = Debug|Any CPU
		{5BA4063C-A2FF-4797-9597-BBB629203244}.Debug|Any CPU.Build.0 = Debug|Any CPU
		{5BA4063C-A2FF-4797-9597-BBB629203244}.Release|Any CPU.ActiveCfg = Release|Any CPU
		{5BA4063C-A2FF-4797-9597-BBB629203244}.Release|Any CPU.Build.0 = Release|Any CPU
	EndGlobalSection
	GlobalSection(SolutionProperties) = preSolution
		HideSolutionNode = FALSE
	EndGlobalSection
	GlobalSection(ExtensibilityGlobals) = postSolution
		SolutionGuid = {39B67D4E-20B4-4DC7-90EC-4E404EAC02DF}
	EndGlobalSection
EndGlobal
